
Microsoft Visual Studio Solution File, Format Version 12.00
# Visual Studio 2013
VisualStudioVersion = 12.0.21005.1
MinimumVisualStudioVersion = 10.0.40219.1
Project("{FAE04EC0-301F-11D3-BF4B-00C04F79EFBC}") = "njappleexpress", "njapple\njappleexpress.csproj", "{70F84088-8187-4914-8037-37AC4A00FF3F}"
EndProject
Project("{FAE04EC0-301F-11D3-BF4B-00C04F79EFBC}") = "ExcelDao", "ExcelDao\ExcelDao.csproj", "{39C070D4-98F7-4D71-909C-D555EBE77749}"
EndProject
Project("{FAE04EC0-301F-11D3-BF4B-00C04F79EFBC}") = "Themes", "Themes\Themes.csproj", "{B44DED68-3057-4F11-B62A-B6F29E24C1FD}"
EndProject
Project("{FAE04EC0-301F-11D3-BF4B-00C04F79EFBC}") = "WPFHelper", "WPFHelper\WPFHelper.csproj", "{046869FC-7F6B-4DC1-A203-BBF4C8B02601}"
EndProject
Global
	GlobalSection(SolutionConfigurationPlatforms) = preSolution
		Debug|Any CPU = Debug|Any CPU
		Release|Any CPU = Release|Any CPU
	EndGlobalSection
	GlobalSection(ProjectConfigurationPlatforms) = postSolution
		{70F84088-8187-4914-8037-37AC4A00FF3F}.Debug|Any CPU.ActiveCfg = Debug|Any CPU
		{70F84088-8187-4914-8037-37AC4A00FF3F}.Debug|Any CPU.Build.0 = Debug|Any CPU
		{70F84088-8187-4914-8037-37AC4A00FF3F}.Release|Any CPU.ActiveCfg = Release|Any CPU
		{70F84088-8187-4914-8037-37AC4A00FF3F}.Release|Any CPU.Build.0 = Release|Any CPU
		{39C070D4-98F7-4D71-909C-D555EBE77749}.Debug|Any CPU.ActiveCfg = Debug|Any CPU
		{39C070D4-98F7-4D71-909C-D555EBE77749}.Debug|Any CPU.Build.0 = Debug|Any CPU
		{39C070D4-98F7-4D71-909C-D555EBE77749}.Release|Any CPU.ActiveCfg = Release|Any CPU
		{39C070D4-98F7-4D71-909C-D555EBE77749}.Release|Any CPU.Build.0 = Release|Any CPU
		{B44DED68-3057-4F11-B62A-B6F29E24C1FD}.Debug|Any CPU.ActiveCfg = Debug|Any CPU
		{B44DED68-3057-4F11-B62A-B6F29E24C1FD}.Debug|Any CPU.Build.0 = Debug|Any CPU
		{B44DED68-3057-4F11-B62A-B6F29E24C1FD}.Release|Any CPU.ActiveCfg = Release|Any CPU
		{B44DED68-3057-4F11-B62A-B6F29E24C1FD}.Release|Any CPU.Build.0 = Release|Any CPU
		{046869FC-7F6B-4DC1-A203-BBF4C8B02601}.Debug|Any CPU.ActiveCfg = Debug|Any CPU
		{046869FC-7F6B-4DC1-A203-BBF4C8B02601}.Debug|Any CPU.Build.0 = Debug|Any CPU
		{046869FC-7F6B-4DC1-A203-BBF4C8B02601}.Release|Any CPU.ActiveCfg = Release|Any CPU
		{046869FC-7F6B-4DC1-A203-BBF4C8B02601}.Release|Any CPU.Build.0 = Release|Any CPU
	EndGlobalSection
	GlobalSection(SolutionProperties) = preSolution
		HideSolutionNode = FALSE
	EndGlobalSection
EndGlobal
